// !$*UTF8*$!
{
	archiveVersion = 1;
	classes = {
	};
	objectVersion = 77;
	objects = {

/* Begin PBXBuildFile section */
		8762A5CF2DA2F0870002B580 /* FirebaseAuth in Frameworks */ = {isa = PBXBuildFile; productRef = 8762A5CE2DA2F0870002B580 /* FirebaseAuth */; };
		8762AAA92DA3FF570002B580 /* GoogleMobileAds in Frameworks */ = {isa = PBXBuildFile; productRef = 8762AAA82DA3FF570002B580 /* GoogleMobileAds */; };
		87F37C042DA5CCA2002D72C7 /* TradeVisionUI in Frameworks */ = {isa = PBXBuildFile; productRef = 87F37C032DA5CCA2002D72C7 /* TradeVisionUI */; };
		87F37C062DA5CDDF002D72C7 /* TradeVisionUI in Frameworks */ = {isa = PBXBuildFile; productRef = 87F37C052DA5CDDF002D72C7 /* TradeVisionUI */; };
		87F37C082DA5CE25002D72C7 /* TradeVisionUI in Frameworks */ = {isa = PBXBuildFile; productRef = 87F37C072DA5CE25002D72C7 /* TradeVisionUI */; };
/* End PBXBuildFile section */

/* Begin PBXContainerItemProxy section */
		872968872D9A0D5D002E0579 /* PBXContainerItemProxy */ = {
			isa = PBXContainerItemProxy;
			containerPortal = 8729686D2D9A0D5A002E0579 /* Project object */;
			proxyType = 1;
			remoteGlobalIDString = 872968742D9A0D5A002E0579;
			remoteInfo = AITradeVision;
		};
		872968912D9A0D5D002E0579 /* PBXContainerItemProxy */ = {
			isa = PBXContainerItemProxy;
			containerPortal = 8729686D2D9A0D5A002E0579 /* Project object */;
			proxyType = 1;
			remoteGlobalIDString = 872968742D9A0D5A002E0579;
			remoteInfo = AITradeVision;
		};
/* End PBXContainerItemProxy section */

/* Begin PBXFileReference section */
		872968752D9A0D5A002E0579 /* AITradeVision.app */ = {isa = PBXFileReference; explicitFileType = wrapper.application; includeInIndex = 0; path = AITradeVision.app; sourceTree = BUILT_PRODUCTS_DIR; };
		872968862D9A0D5D002E0579 /* AITradeVisionTests.xctest */ = {isa = PBXFileReference; explicitFileType = wrapper.cfbundle; includeInIndex = 0; path = AITradeVisionTests.xctest; sourceTree = BUILT_PRODUCTS_DIR; };
		872968902D9A0D5D002E0579 /* AITradeVisionUITests.xctest */ = {isa = PBXFileReference; explicitFileType = wrapper.cfbundle; includeInIndex = 0; path = AITradeVisionUITests.xctest; sourceTree = BUILT_PRODUCTS_DIR; };
/* End PBXFileReference section */

/* Begin PBXFileSystemSynchronizedBuildFileExceptionSet section */
		8762A58C2DA1AC2C0002B580 /* Exceptions for "AITradeVision" folder in "AITradeVision" target */ = {
			isa = PBXFileSystemSynchronizedBuildFileExceptionSet;
			membershipExceptions = (
				SupportingFiles/Info.plist,
			);
			target = 872968742D9A0D5A002E0579 /* AITradeVision */;
		};
/* End PBXFileSystemSynchronizedBuildFileExceptionSet section */

/* Begin PBXFileSystemSynchronizedRootGroup section */
		872968772D9A0D5A002E0579 /* AITradeVision */ = {
			isa = PBXFileSystemSynchronizedRootGroup;
			exceptions = (
				8762A58C2DA1AC2C0002B580 /* Exceptions for "AITradeVision" folder in "AITradeVision" target */,
			);
			path = AITradeVision;
			sourceTree = "<group>";
		};
		872968892D9A0D5D002E0579 /* AITradeVisionTests */ = {
			isa = PBXFileSystemSynchronizedRootGroup;
			path = AITradeVisionTests;
			sourceTree = "<group>";
		};
		872968932D9A0D5D002E0579 /* AITradeVisionUITests */ = {
			isa = PBXFileSystemSynchronizedRootGroup;
			path = AITradeVisionUITests;
			sourceTree = "<group>";
		};
/* End PBXFileSystemSynchronizedRootGroup section */

/* Begin PBXFrameworksBuildPhase section */
		872968722D9A0D5A002E0579 /* Frameworks */ = {
			isa = PBXFrameworksBuildPhase;
			buildActionMask = 2147483647;
			files = (
				87F37C042DA5CCA2002D72C7 /* TradeVisionUI in Frameworks */,
				8762AAA92DA3FF570002B580 /* GoogleMobileAds in Frameworks */,
				87F37C082DA5CE25002D72C7 /* TradeVisionUI in Frameworks */,
				8762A5CF2DA2F0870002B580 /* FirebaseAuth in Frameworks */,
				87F37C062DA5CDDF002D72C7 /* TradeVisionUI in Frameworks */,
			);
			runOnlyForDeploymentPostprocessing = 0;
		};
		872968832D9A0D5D002E0579 /* Frameworks */ = {
			isa = PBXFrameworksBuildPhase;
			buildActionMask = 2147483647;
			files = (
			);
			runOnlyForDeploymentPostprocessing = 0;
		};
		8729688D2D9A0D5D002E0579 /* Frameworks */ = {
			isa = PBXFrameworksBuildPhase;
			buildActionMask = 2147483647;
			files = (
			);
			runOnlyForDeploymentPostprocessing = 0;
		};
/* End PBXFrameworksBuildPhase section */

/* Begin PBXGroup section */
		8729686C2D9A0D5A002E0579 = {
			isa = PBXGroup;
			children = (
				872968772D9A0D5A002E0579 /* AITradeVision */,
				872968892D9A0D5D002E0579 /* AITradeVisionTests */,
				872968932D9A0D5D002E0579 /* AITradeVisionUITests */,
				872968762D9A0D5A002E0579 /* Products */,
			);
			sourceTree = "<group>";
		};
		872968762D9A0D5A002E0579 /* Products */ = {
			isa = PBXGroup;
			children = (
				872968752D9A0D5A002E0579 /* AITradeVision.app */,
				872968862D9A0D5D002E0579 /* AITradeVisionTests.xctest */,
				872968902D9A0D5D002E0579 /* AITradeVisionUITests.xctest */,
			);
			name = Products;
			sourceTree = "<group>";
		};
/* End PBXGroup section */

/* Begin PBXNativeTarget section */
		872968742D9A0D5A002E0579 /* AITradeVision */ = {
			isa = PBXNativeTarget;
			buildConfigurationList = 8729689A2D9A0D5D002E0579 /* Build configuration list for PBXNativeTarget "AITradeVision" */;
			buildPhases = (
				872968712D9A0D5A002E0579 /* Sources */,
				872968722D9A0D5A002E0579 /* Frameworks */,
				872968732D9A0D5A002E0579 /* Resources */,
			);
			buildRules = (
			);
			dependencies = (
			);
			fileSystemSynchronizedGroups = (
				872968772D9A0D5A002E0579 /* AITradeVision */,
			);
			name = AITradeVision;
			packageProductDependencies = (
				8762A5CE2DA2F0870002B580 /* FirebaseAuth */,
				8762AAA82DA3FF570002B580 /* GoogleMobileAds */,
				87F37C032DA5CCA2002D72C7 /* TradeVisionUI */,
				87F37C052DA5CDDF002D72C7 /* TradeVisionUI */,
				87F37C072DA5CE25002D72C7 /* TradeVisionUI */,
			);
			productName = AITradeVision;
			productReference = 872968752D9A0D5A002E0579 /* AITradeVision.app */;
			productType = "com.apple.product-type.application";
		};
		872968852D9A0D5D002E0579 /* AITradeVisionTests */ = {
			isa = PBXNativeTarget;
			buildConfigurationList = 8729689D2D9A0D5D002E0579 /* Build configuration list for PBXNativeTarget "AITradeVisionTests" */;
			buildPhases = (
				872968822D9A0D5D002E0579 /* Sources */,
				872968832D9A0D5D002E0579 /* Frameworks */,
				872968842D9A0D5D002E0579 /* Resources */,
			);
			buildRules = (
			);
			dependencies = (
				872968882D9A0D5D002E0579 /* PBXTargetDependency */,
			);
			fileSystemSynchronizedGroups = (
				872968892D9A0D5D002E0579 /* AITradeVisionTests */,
			);
			name = AITradeVisionTests;
			packageProductDependencies = (
			);
			productName = AITradeVisionTests;
			productReference = 872968862D9A0D5D002E0579 /* AITradeVisionTests.xctest */;
			productType = "com.apple.product-type.bundle.unit-test";
		};
		8729688F2D9A0D5D002E0579 /* AITradeVisionUITests */ = {
			isa = PBXNativeTarget;
			buildConfigurationList = 872968A02D9A0D5D002E0579 /* Build configuration list for PBXNativeTarget "AITradeVisionUITests" */;
			buildPhases = (
				8729688C2D9A0D5D002E0579 /* Sources */,
				8729688D2D9A0D5D002E0579 /* Frameworks */,
				8729688E2D9A0D5D002E0579 /* Resources */,
			);
			buildRules = (
			);
			dependencies = (
				872968922D9A0D5D002E0579 /* PBXTargetDependency */,
			);
			fileSystemSynchronizedGroups = (
				872968932D9A0D5D002E0579 /* AITradeVisionUITests */,
			);
			name = AITradeVisionUITests;
			packageProductDependencies = (
			);
			productName = AITradeVisionUITests;
			productReference = 872968902D9A0D5D002E0579 /* AITradeVisionUITests.xctest */;
			productType = "com.apple.product-type.bundle.ui-testing";
		};
/* End PBXNativeTarget section */

/* Begin PBXProject section */
		8729686D2D9A0D5A002E0579 /* Project object */ = {
			isa = PBXProject;
			attributes = {
				BuildIndependentTargetsInParallel = 1;
				LastSwiftUpdateCheck = 1620;
				LastUpgradeCheck = 1630;
				TargetAttributes = {
					872968742D9A0D5A002E0579 = {
						CreatedOnToolsVersion = 16.2;
					};
					872968852D9A0D5D002E0579 = {
						CreatedOnToolsVersion = 16.2;
						TestTargetID = 872968742D9A0D5A002E0579;
					};
					8729688F2D9A0D5D002E0579 = {
						CreatedOnToolsVersion = 16.2;
						TestTargetID = 872968742D9A0D5A002E0579;
					};
				};
			};
			buildConfigurationList = 872968702D9A0D5A002E0579 /* Build configuration list for PBXProject "AITradeVision" */;
			developmentRegion = en;
			hasScannedForEncodings = 0;
			knownRegions = (
				en,
				Base,
			);
			mainGroup = 8729686C2D9A0D5A002E0579;
			minimizedProjectReferenceProxies = 1;
			packageReferences = (
				8762A5CD2DA2F0870002B580 /* XCRemoteSwiftPackageReference "firebase-ios-sdk" */,
				8762AAA72DA3FF570002B580 /* XCRemoteSwiftPackageReference "swift-package-manager-google-mobile-ads" */,
				87F37C022DA5CCA2002D72C7 /* XCLocalSwiftPackageReference "../TradeVisionUI" */,
			);
			preferredProjectObjectVersion = 77;
			productRefGroup = 872968762D9A0D5A002E0579 /* Products */;
			projectDirPath = "";
			projectRoot = "";
			targets = (
				872968742D9A0D5A002E0579 /* AITradeVision */,
				872968852D9A0D5D002E0579 /* AITradeVisionTests */,
				8729688F2D9A0D5D002E0579 /* AITradeVisionUITests */,
			);
		};
/* End PBXProject section */

/* Begin PBXResourcesBuildPhase section */
		872968732D9A0D5A002E0579 /* Resources */ = {
			isa = PBXResourcesBuildPhase;
			buildActionMask = 2147483647;
			files = (
			);
			runOnlyForDeploymentPostprocessing = 0;
		};
		872968842D9A0D5D002E0579 /* Resources */ = {
			isa = PBXResourcesBuildPhase;
			buildActionMask = 2147483647;
			files = (
			);
			runOnlyForDeploymentPostprocessing = 0;
		};
		8729688E2D9A0D5D002E0579 /* Resources */ = {
			isa = PBXResourcesBuildPhase;
			buildActionMask = 2147483647;
			files = (
			);
			runOnlyForDeploymentPostprocessing = 0;
		};
/* End PBXResourcesBuildPhase section */

/* Begin PBXSourcesBuildPhase section */
		872968712D9A0D5A002E0579 /* Sources */ = {
			isa = PBXSourcesBuildPhase;
			buildActionMask = 2147483647;
			files = (
			);
			runOnlyForDeploymentPostprocessing = 0;
		};
		872968822D9A0D5D002E0579 /* Sources */ = {
			isa = PBXSourcesBuildPhase;
			buildActionMask = 2147483647;
			files = (
			);
			runOnlyForDeploymentPostprocessing = 0;
		};
		8729688C2D9A0D5D002E0579 /* Sources */ = {
			isa = PBXSourcesBuildPhase;
			buildActionMask = 2147483647;
			files = (
			);
			runOnlyForDeploymentPostprocessing = 0;
		};
/* End PBXSourcesBuildPhase section */

/* Begin PBXTargetDependency section */
		872968882D9A0D5D002E0579 /* PBXTargetDependency */ = {
			isa = PBXTargetDependency;
			target = 872968742D9A0D5A002E0579 /* AITradeVision */;
			targetProxy = 872968872D9A0D5D002E0579 /* PBXContainerItemProxy */;
		};
		872968922D9A0D5D002E0579 /* PBXTargetDependency */ = {
			isa = PBXTargetDependency;
			target = 872968742D9A0D5A002E0579 /* AITradeVision */;
			targetProxy = 872968912D9A0D5D002E0579 /* PBXContainerItemProxy */;
		};
/* End PBXTargetDependency section */

/* Begin XCBuildConfiguration section */
		872968982D9A0D5D002E0579 /* Debug */ = {
			isa = XCBuildConfiguration;
			buildSettings = {
				ALWAYS_SEARCH_USER_PATHS = NO;
				ASSETCATALOG_COMPILER_GENERATE_SWIFT_ASSET_SYMBOL_EXTENSIONS = YES;
				CLANG_ANALYZER_NONNULL = YES;
				CLANG_ANALYZER_NUMBER_OBJECT_CONVERSION = YES_AGGRESSIVE;
				CLANG_CXX_LANGUAGE_STANDARD = "gnu++20";
				CLANG_ENABLE_MODULES = YES;
				CLANG_ENABLE_OBJC_ARC = YES;
				CLANG_ENABLE_OBJC_WEAK = YES;
				CLANG_WARN_BLOCK_CAPTURE_AUTORELEASING = YES;
				CLANG_WARN_BOOL_CONVERSION = YES;
				CLANG_WARN_COMMA = YES;
				CLANG_WARN_CONSTANT_CONVERSION = YES;
				CLANG_WARN_DEPRECATED_OBJC_IMPLEMENTATIONS = YES;
				CLANG_WARN_DIRECT_OBJC_ISA_USAGE = YES_ERROR;
				CLANG_WARN_DOCUMENTATION_COMMENTS = YES;
				CLANG_WARN_EMPTY_BODY = YES;
				CLANG_WARN_ENUM_CONVERSION = YES;
				CLANG_WARN_INFINITE_RECURSION = YES;
				CLANG_WARN_INT_CONVERSION = YES;
				CLANG_WARN_NON_LITERAL_NULL_CONVERSION = YES;
				CLANG_WARN_OBJC_IMPLICIT_RETAIN_SELF = YES;
				CLANG_WARN_OBJC_LITERAL_CONVERSION = YES;
				CLANG_WARN_OBJC_ROOT_CLASS = YES_ERROR;
				CLANG_WARN_QUOTED_INCLUDE_IN_FRAMEWORK_HEADER = YES;
				CLANG_WARN_RANGE_LOOP_ANALYSIS = YES;
				CLANG_WARN_STRICT_PROTOTYPES = YES;
				CLANG_WARN_SUSPICIOUS_MOVE = YES;
				CLANG_WARN_UNGUARDED_AVAILABILITY = YES_AGGRESSIVE;
				CLANG_WARN_UNREACHABLE_CODE = YES;
				CLANG_WARN__DUPLICATE_METHOD_MATCH = YES;
				COPY_PHASE_STRIP = NO;
				DEAD_CODE_STRIPPING = YES;
				DEBUG_INFORMATION_FORMAT = dwarf;
				DEVELOPMENT_TEAM = 92RWZYGPSA;
				ENABLE_STRICT_OBJC_MSGSEND = YES;
				ENABLE_TESTABILITY = YES;
				ENABLE_USER_SCRIPT_SANDBOXING = YES;
				GCC_C_LANGUAGE_STANDARD = gnu17;
				GCC_DYNAMIC_NO_PIC = NO;
				GCC_NO_COMMON_BLOCKS = YES;
				GCC_OPTIMIZATION_LEVEL = 0;
				GCC_PREPROCESSOR_DEFINITIONS = (
					"DEBUG=1",
					"$(inherited)",
				);
				GCC_WARN_64_TO_32_BIT_CONVERSION = YES;
				GCC_WARN_ABOUT_RETURN_TYPE = YES_ERROR;
				GCC_WARN_UNDECLARED_SELECTOR = YES;
				GCC_WARN_UNINITIALIZED_AUTOS = YES_AGGRESSIVE;
				GCC_WARN_UNUSED_FUNCTION = YES;
				GCC_WARN_UNUSED_VARIABLE = YES;
				LOCALIZATION_PREFERS_STRING_CATALOGS = YES;
				MTL_ENABLE_DEBUG_INFO = INCLUDE_SOURCE;
				MTL_FAST_MATH = YES;
				ONLY_ACTIVE_ARCH = YES;
				SWIFT_ACTIVE_COMPILATION_CONDITIONS = "DEBUG $(inherited)";
				SWIFT_OPTIMIZATION_LEVEL = "-Onone";
			};
			name = Debug;
		};
		872968992D9A0D5D002E0579 /* Release */ = {
			isa = XCBuildConfiguration;
			buildSettings = {
				ALWAYS_SEARCH_USER_PATHS = NO;
				ASSETCATALOG_COMPILER_GENERATE_SWIFT_ASSET_SYMBOL_EXTENSIONS = YES;
				CLANG_ANALYZER_NONNULL = YES;
				CLANG_ANALYZER_NUMBER_OBJECT_CONVERSION = YES_AGGRESSIVE;
				CLANG_CXX_LANGUAGE_STANDARD = "gnu++20";
				CLANG_ENABLE_MODULES = YES;
				CLANG_ENABLE_OBJC_ARC = YES;
				CLANG_ENABLE_OBJC_WEAK = YES;
				CLANG_WARN_BLOCK_CAPTURE_AUTORELEASING = YES;
				CLANG_WARN_BOOL_CONVERSION = YES;
				CLANG_WARN_COMMA = YES;
				CLANG_WARN_CONSTANT_CONVERSION = YES;
				CLANG_WARN_DEPRECATED_OBJC_IMPLEMENTATIONS = YES;
				CLANG_WARN_DIRECT_OBJC_ISA_USAGE = YES_ERROR;
				CLANG_WARN_DOCUMENTATION_COMMENTS = YES;
				CLANG_WARN_EMPTY_BODY = YES;
				CLANG_WARN_ENUM_CONVERSION = YES;
				CLANG_WARN_INFINITE_RECURSION = YES;
				CLANG_WARN_INT_CONVERSION = YES;
				CLANG_WARN_NON_LITERAL_NULL_CONVERSION = YES;
				CLANG_WARN_OBJC_IMPLICIT_RETAIN_SELF = YES;
				CLANG_WARN_OBJC_LITERAL_CONVERSION = YES;
				CLANG_WARN_OBJC_ROOT_CLASS = YES_ERROR;
				CLANG_WARN_QUOTED_INCLUDE_IN_FRAMEWORK_HEADER = YES;
				CLANG_WARN_RANGE_LOOP_ANALYSIS = YES;
				CLANG_WARN_STRICT_PROTOTYPES = YES;
				CLANG_WARN_SUSPICIOUS_MOVE = YES;
				CLANG_WARN_UNGUARDED_AVAILABILITY = YES_AGGRESSIVE;
				CLANG_WARN_UNREACHABLE_CODE = YES;
				CLANG_WARN__DUPLICATE_METHOD_MATCH = YES;
				COPY_PHASE_STRIP = NO;
				DEAD_CODE_STRIPPING = YES;
				DEBUG_INFORMATION_FORMAT = "dwarf-with-dsym";
				DEVELOPMENT_TEAM = 92RWZYGPSA;
				ENABLE_NS_ASSERTIONS = NO;
				ENABLE_STRICT_OBJC_MSGSEND = YES;
				ENABLE_USER_SCRIPT_SANDBOXING = YES;
				GCC_C_LANGUAGE_STANDARD = gnu17;
				GCC_NO_COMMON_BLOCKS = YES;
				GCC_WARN_64_TO_32_BIT_CONVERSION = YES;
				GCC_WARN_ABOUT_RETURN_TYPE = YES_ERROR;
				GCC_WARN_UNDECLARED_SELECTOR = YES;
				GCC_WARN_UNINITIALIZED_AUTOS = YES_AGGRESSIVE;
				GCC_WARN_UNUSED_FUNCTION = YES;
				GCC_WARN_UNUSED_VARIABLE = YES;
				LOCALIZATION_PREFERS_STRING_CATALOGS = YES;
				MTL_ENABLE_DEBUG_INFO = NO;
				MTL_FAST_MATH = YES;
				SWIFT_COMPILATION_MODE = wholemodule;
			};
			name = Release;
		};
		8729689B2D9A0D5D002E0579 /* Debug */ = {
			isa = XCBuildConfiguration;
			buildSettings = {
				ASSETCATALOG_COMPILER_APPICON_NAME = AppIcon;
				ASSETCATALOG_COMPILER_GLOBAL_ACCENT_COLOR_NAME = AccentColor;
				CODE_SIGN_ENTITLEMENTS = AITradeVision/SupportingFiles/AITradeVision.entitlements;
				CODE_SIGN_STYLE = Automatic;
				CURRENT_PROJECT_VERSION = 1;
				DEAD_CODE_STRIPPING = YES;
				DEVELOPMENT_ASSET_PATHS = "\"AITradeVision/Sources/Features/Preview Content\"";
				ENABLE_HARDENED_RUNTIME = YES;
				ENABLE_PREVIEWS = YES;
				GENERATE_INFOPLIST_FILE = YES;
				INFOPLIST_FILE = AITradeVision/SupportingFiles/Info.plist;
				INFOPLIST_KEY_CFBundleDisplayName = AITradeVision;
				INFOPLIST_KEY_LSApplicationCategoryType = "public.app-category.finance";
				"INFOPLIST_KEY_UIApplicationSceneManifest_Generation[sdk=iphoneos*]" = YES;
				"INFOPLIST_KEY_UIApplicationSceneManifest_Generation[sdk=iphonesimulator*]" = YES;
				"INFOPLIST_KEY_UIApplicationSupportsIndirectInputEvents[sdk=iphoneos*]" = YES;
				"INFOPLIST_KEY_UIApplicationSupportsIndirectInputEvents[sdk=iphonesimulator*]" = YES;
				"INFOPLIST_KEY_UILaunchScreen_Generation[sdk=iphoneos*]" = YES;
				"INFOPLIST_KEY_UILaunchScreen_Generation[sdk=iphonesimulator*]" = YES;
				"INFOPLIST_KEY_UIStatusBarStyle[sdk=iphoneos*]" = UIStatusBarStyleDefault;
				"INFOPLIST_KEY_UIStatusBarStyle[sdk=iphonesimulator*]" = UIStatusBarStyleDefault;
				INFOPLIST_KEY_UISupportedInterfaceOrientations_iPad = "UIInterfaceOrientationPortrait UIInterfaceOrientationPortraitUpsideDown UIInterfaceOrientationLandscapeLeft UIInterfaceOrientationLandscapeRight";
				INFOPLIST_KEY_UISupportedInterfaceOrientations_iPhone = "UIInterfaceOrientationPortrait UIInterfaceOrientationLandscapeLeft UIInterfaceOrientationLandscapeRight";
				IPHONEOS_DEPLOYMENT_TARGET = 16.6;
				LD_RUNPATH_SEARCH_PATHS = "@executable_path/Frameworks";
				"LD_RUNPATH_SEARCH_PATHS[sdk=macosx*]" = "@executable_path/../Frameworks";
				MACOSX_DEPLOYMENT_TARGET = 13.5;
				MARKETING_VERSION = 1.0;
				PRODUCT_BUNDLE_IDENTIFIER = com.danielcaccia.AITradeVision;
				PRODUCT_NAME = "$(TARGET_NAME)";
				SDKROOT = auto;
				SUPPORTED_PLATFORMS = "iphoneos iphonesimulator macosx xros xrsimulator";
				SWIFT_EMIT_LOC_STRINGS = YES;
				SWIFT_INCLUDE_PATHS = ../TradeVisionUI;
				SWIFT_VERSION = 5.0;
				TARGETED_DEVICE_FAMILY = "1,2,7";
				XROS_DEPLOYMENT_TARGET = 2.2;
			};
			name = Debug;
		};
		8729689C2D9A0D5D002E0579 /* Release */ = {
			isa = XCBuildConfiguration;
			buildSettings = {
				ASSETCATALOG_COMPILER_APPICON_NAME = AppIcon;
				ASSETCATALOG_COMPILER_GLOBAL_ACCENT_COLOR_NAME = AccentColor;
				CODE_SIGN_ENTITLEMENTS = AITradeVision/SupportingFiles/AITradeVision.entitlements;
				CODE_SIGN_STYLE = Automatic;
				CURRENT_PROJECT_VERSION = 1;
				DEAD_CODE_STRIPPING = YES;
				DEVELOPMENT_ASSET_PATHS = "\"AITradeVision/Sources/Features/Preview Content\"";
				ENABLE_HARDENED_RUNTIME = YES;
				ENABLE_PREVIEWS = YES;
				GENERATE_INFOPLIST_FILE = YES;
				INFOPLIST_FILE = AITradeVision/SupportingFiles/Info.plist;
				INFOPLIST_KEY_CFBundleDisplayName = AITradeVision;
				INFOPLIST_KEY_LSApplicationCategoryType = "public.app-category.finance";
				"INFOPLIST_KEY_UIApplicationSceneManifest_Generation[sdk=iphoneos*]" = YES;
				"INFOPLIST_KEY_UIApplicationSceneManifest_Generation[sdk=iphonesimulator*]" = YES;
				"INFOPLIST_KEY_UIApplicationSupportsIndirectInputEvents[sdk=iphoneos*]" = YES;
				"INFOPLIST_KEY_UIApplicationSupportsIndirectInputEvents[sdk=iphonesimulator*]" = YES;
				"INFOPLIST_KEY_UILaunchScreen_Generation[sdk=iphoneos*]" = YES;
				"INFOPLIST_KEY_UILaunchScreen_Generation[sdk=iphonesimulator*]" = YES;
				"INFOPLIST_KEY_UIStatusBarStyle[sdk=iphoneos*]" = UIStatusBarStyleDefault;
				"INFOPLIST_KEY_UIStatusBarStyle[sdk=iphonesimulator*]" = UIStatusBarStyleDefault;
				INFOPLIST_KEY_UISupportedInterfaceOrientations_iPad = "UIInterfaceOrientationPortrait UIInterfaceOrientationPortraitUpsideDown UIInterfaceOrientationLandscapeLeft UIInterfaceOrientationLandscapeRight";
				INFOPLIST_KEY_UISupportedInterfaceOrientations_iPhone = "UIInterfaceOrientationPortrait UIInterfaceOrientationLandscapeLeft UIInterfaceOrientationLandscapeRight";
				IPHONEOS_DEPLOYMENT_TARGET = 16.6;
				LD_RUNPATH_SEARCH_PATHS = "@executable_path/Frameworks";
				"LD_RUNPATH_SEARCH_PATHS[sdk=macosx*]" = "@executable_path/../Frameworks";
				MACOSX_DEPLOYMENT_TARGET = 13.5;
				MARKETING_VERSION = 1.0;
				PRODUCT_BUNDLE_IDENTIFIER = com.danielcaccia.AITradeVision;
				PRODUCT_NAME = "$(TARGET_NAME)";
				SDKROOT = auto;
				SUPPORTED_PLATFORMS = "iphoneos iphonesimulator macosx xros xrsimulator";
				SWIFT_EMIT_LOC_STRINGS = YES;
				SWIFT_INCLUDE_PATHS = ../TradeVisionUI;
				SWIFT_VERSION = 5.0;
				TARGETED_DEVICE_FAMILY = "1,2,7";
				XROS_DEPLOYMENT_TARGET = 2.2;
			};
			name = Release;
		};
		8729689E2D9A0D5D002E0579 /* Debug */ = {
			isa = XCBuildConfiguration;
			buildSettings = {
				BUNDLE_LOADER = "$(TEST_HOST)";
				CODE_SIGN_STYLE = Automatic;
				CURRENT_PROJECT_VERSION = 1;
				DEAD_CODE_STRIPPING = YES;
				GENERATE_INFOPLIST_FILE = YES;
				IPHONEOS_DEPLOYMENT_TARGET = 18.2;
				MACOSX_DEPLOYMENT_TARGET = 15.2;
				MARKETING_VERSION = 1.0;
				PRODUCT_BUNDLE_IDENTIFIER = com.danielcaccia.AITradeVisionTests;
				PRODUCT_NAME = "$(TARGET_NAME)";
				SDKROOT = auto;
				SUPPORTED_PLATFORMS = "iphoneos iphonesimulator macosx xros xrsimulator";
				SWIFT_EMIT_LOC_STRINGS = NO;
				SWIFT_VERSION = 5.0;
				TARGETED_DEVICE_FAMILY = "1,2,7";
				TEST_HOST = "$(BUILT_PRODUCTS_DIR)/AITradeVision.app/$(BUNDLE_EXECUTABLE_FOLDER_PATH)/AITradeVision";
				XROS_DEPLOYMENT_TARGET = 2.2;
			};
			name = Debug;
		};
		8729689F2D9A0D5D002E0579 /* Release */ = {
			isa = XCBuildConfiguration;
			buildSettings = {
				BUNDLE_LOADER = "$(TEST_HOST)";
				CODE_SIGN_STYLE = Automatic;
				CURRENT_PROJECT_VERSION = 1;
				DEAD_CODE_STRIPPING = YES;
				GENERATE_INFOPLIST_FILE = YES;
				IPHONEOS_DEPLOYMENT_TARGET = 18.2;
				MACOSX_DEPLOYMENT_TARGET = 15.2;
				MARKETING_VERSION = 1.0;
				PRODUCT_BUNDLE_IDENTIFIER = com.danielcaccia.AITradeVisionTests;
				PRODUCT_NAME = "$(TARGET_NAME)";
				SDKROOT = auto;
				SUPPORTED_PLATFORMS = "iphoneos iphonesimulator macosx xros xrsimulator";
				SWIFT_EMIT_LOC_STRINGS = NO;
				SWIFT_VERSION = 5.0;
				TARGETED_DEVICE_FAMILY = "1,2,7";
				TEST_HOST = "$(BUILT_PRODUCTS_DIR)/AITradeVision.app/$(BUNDLE_EXECUTABLE_FOLDER_PATH)/AITradeVision";
				XROS_DEPLOYMENT_TARGET = 2.2;
			};
			name = Release;
		};
		872968A12D9A0D5D002E0579 /* Debug */ = {
			isa = XCBuildConfiguration;
			buildSettings = {
				CODE_SIGN_STYLE = Automatic;
				CURRENT_PROJECT_VERSION = 1;
				DEAD_CODE_STRIPPING = YES;
				GENERATE_INFOPLIST_FILE = YES;
				IPHONEOS_DEPLOYMENT_TARGET = 18.2;
				MACOSX_DEPLOYMENT_TARGET = 15.2;
				MARKETING_VERSION = 1.0;
				PRODUCT_BUNDLE_IDENTIFIER = com.danielcaccia.AITradeVisionUITests;
				PRODUCT_NAME = "$(TARGET_NAME)";
				SDKROOT = auto;
				SUPPORTED_PLATFORMS = "iphoneos iphonesimulator macosx xros xrsimulator";
				SWIFT_EMIT_LOC_STRINGS = NO;
				SWIFT_VERSION = 5.0;
				TARGETED_DEVICE_FAMILY = "1,2,7";
				TEST_TARGET_NAME = AITradeVision;
				XROS_DEPLOYMENT_TARGET = 2.2;
			};
			name = Debug;
		};
		872968A22D9A0D5D002E0579 /* Release */ = {
			isa = XCBuildConfiguration;
			buildSettings = {
				CODE_SIGN_STYLE = Automatic;
				CURRENT_PROJECT_VERSION = 1;
				DEAD_CODE_STRIPPING = YES;
				GENERATE_INFOPLIST_FILE = YES;
				IPHONEOS_DEPLOYMENT_TARGET = 18.2;
				MACOSX_DEPLOYMENT_TARGET = 15.2;
				MARKETING_VERSION = 1.0;
				PRODUCT_BUNDLE_IDENTIFIER = com.danielcaccia.AITradeVisionUITests;
				PRODUCT_NAME = "$(TARGET_NAME)";
				SDKROOT = auto;
				SUPPORTED_PLATFORMS = "iphoneos iphonesimulator macosx xros xrsimulator";
				SWIFT_EMIT_LOC_STRINGS = NO;
				SWIFT_VERSION = 5.0;
				TARGETED_DEVICE_FAMILY = "1,2,7";
				TEST_TARGET_NAME = AITradeVision;
				XROS_DEPLOYMENT_TARGET = 2.2;
			};
			name = Release;
		};
/* End XCBuildConfiguration section */

/* Begin XCConfigurationList section */
		872968702D9A0D5A002E0579 /* Build configuration list for PBXProject "AITradeVision" */ = {
			isa = XCConfigurationList;
			buildConfigurations = (
				872968982D9A0D5D002E0579 /* Debug */,
				872968992D9A0D5D002E0579 /* Release */,
			);
			defaultConfigurationIsVisible = 0;
			defaultConfigurationName = Release;
		};
		8729689A2D9A0D5D002E0579 /* Build configuration list for PBXNativeTarget "AITradeVision" */ = {
			isa = XCConfigurationList;
			buildConfigurations = (
				8729689B2D9A0D5D002E0579 /* Debug */,
				8729689C2D9A0D5D002E0579 /* Release */,
			);
			defaultConfigurationIsVisible = 0;
			defaultConfigurationName = Release;
		};
		8729689D2D9A0D5D002E0579 /* Build configuration list for PBXNativeTarget "AITradeVisionTests" */ = {
			isa = XCConfigurationList;
			buildConfigurations = (
				8729689E2D9A0D5D002E0579 /* Debug */,
				8729689F2D9A0D5D002E0579 /* Release */,
			);
			defaultConfigurationIsVisible = 0;
			defaultConfigurationName = Release;
		};
		872968A02D9A0D5D002E0579 /* Build configuration list for PBXNativeTarget "AITradeVisionUITests" */ = {
			isa = XCConfigurationList;
			buildConfigurations = (
				872968A12D9A0D5D002E0579 /* Debug */,
				872968A22D9A0D5D002E0579 /* Release */,
			);
			defaultConfigurationIsVisible = 0;
			defaultConfigurationName = Release;
		};
/* End XCConfigurationList section */

/* Begin XCLocalSwiftPackageReference section */
		87F37C022DA5CCA2002D72C7 /* XCLocalSwiftPackageReference "../TradeVisionUI" */ = {
			isa = XCLocalSwiftPackageReference;
			relativePath = ../TradeVisionUI;
		};
/* End XCLocalSwiftPackageReference section */

/* Begin XCRemoteSwiftPackageReference section */
		8762A5CD2DA2F0870002B580 /* XCRemoteSwiftPackageReference "firebase-ios-sdk" */ = {
			isa = XCRemoteSwiftPackageReference;
			repositoryURL = "https://github.com/firebase/firebase-ios-sdk";
			requirement = {
				kind = upToNextMajorVersion;
				minimumVersion = 11.11.0;
			};
		};
		8762AAA72DA3FF570002B580 /* XCRemoteSwiftPackageReference "swift-package-manager-google-mobile-ads" */ = {
			isa = XCRemoteSwiftPackageReference;
			repositoryURL = "https://github.com/googleads/swift-package-manager-google-mobile-ads";
			requirement = {
				kind = upToNextMajorVersion;
				minimumVersion = 12.2.0;
			};
		};
/* End XCRemoteSwiftPackageReference section */

/* Begin XCSwiftPackageProductDependency section */
		8762A5CE2DA2F0870002B580 /* FirebaseAuth */ = {
			isa = XCSwiftPackageProductDependency;
			package = 8762A5CD2DA2F0870002B580 /* XCRemoteSwiftPackageReference "firebase-ios-sdk" */;
			productName = FirebaseAuth;
		};
		8762AAA82DA3FF570002B580 /* GoogleMobileAds */ = {
			isa = XCSwiftPackageProductDependency;
			package = 8762AAA72DA3FF570002B580 /* XCRemoteSwiftPackageReference "swift-package-manager-google-mobile-ads" */;
			productName = GoogleMobileAds;
		};
		87F37C032DA5CCA2002D72C7 /* TradeVisionUI */ = {
			isa = XCSwiftPackageProductDependency;
			productName = TradeVisionUI;
		};
		87F37C052DA5CDDF002D72C7 /* TradeVisionUI */ = {
			isa = XCSwiftPackageProductDependency;
			productName = TradeVisionUI;
		};
		87F37C072DA5CE25002D72C7 /* TradeVisionUI */ = {
			isa = XCSwiftPackageProductDependency;
			productName = TradeVisionUI;
		};
/* End XCSwiftPackageProductDependency section */
	};
	rootObject = 8729686D2D9A0D5A002E0579 /* Project object */;
}
